// !$*UTF8*$!
{
	archiveVersion = 1;
	classes = {
	};
	objectVersion = 50;
	objects = {

/* Begin PBXBuildFile section */
		4D59CE10262D92DB00EE2F18 /* AlamofireObjectMapper.framework in Frameworks */ = {isa = PBXBuildFile; fileRef = 4D59CE0F262D92DB00EE2F18 /* AlamofireObjectMapper.framework */; };
		4D59CE11262D92DB00EE2F18 /* AlamofireObjectMapper.framework in Embed Frameworks */ = {isa = PBXBuildFile; fileRef = 4D59CE0F262D92DB00EE2F18 /* AlamofireObjectMapper.framework */; settings = {ATTRIBUTES = (CodeSignOnCopy, RemoveHeadersOnCopy, ); }; };
		4D59CE172630378F00EE2F18 /* CountryData.swift in Sources */ = {isa = PBXBuildFile; fileRef = 4D59CE162630378F00EE2F18 /* CountryData.swift */; };
		4D59CE1D2630629400EE2F18 /* Country.swift in Sources */ = {isa = PBXBuildFile; fileRef = 4D59CE1C2630629400EE2F18 /* Country.swift */; };
		4D74E57F262D57DA008DC66D /* AppDelegate.swift in Sources */ = {isa = PBXBuildFile; fileRef = 4D74E57E262D57DA008DC66D /* AppDelegate.swift */; };
		4D74E581262D57DA008DC66D /* SceneDelegate.swift in Sources */ = {isa = PBXBuildFile; fileRef = 4D74E580262D57DA008DC66D /* SceneDelegate.swift */; };
		4D74E583262D57DA008DC66D /* ViewController.swift in Sources */ = {isa = PBXBuildFile; fileRef = 4D74E582262D57DA008DC66D /* ViewController.swift */; };
		4D74E586262D57DA008DC66D /* Main.storyboard in Resources */ = {isa = PBXBuildFile; fileRef = 4D74E584262D57DA008DC66D /* Main.storyboard */; };
		4D74E588262D57DB008DC66D /* Assets.xcassets in Resources */ = {isa = PBXBuildFile; fileRef = 4D74E587262D57DB008DC66D /* Assets.xcassets */; };
		4D74E58B262D57DB008DC66D /* LaunchScreen.storyboard in Resources */ = {isa = PBXBuildFile; fileRef = 4D74E589262D57DB008DC66D /* LaunchScreen.storyboard */; };
		4D74E596262D57DB008DC66D /* SegmentedControlTests.swift in Sources */ = {isa = PBXBuildFile; fileRef = 4D74E595262D57DB008DC66D /* SegmentedControlTests.swift */; };
		4D74E5A1262D57DB008DC66D /* SegmentedControlUITests.swift in Sources */ = {isa = PBXBuildFile; fileRef = 4D74E5A0262D57DB008DC66D /* SegmentedControlUITests.swift */; };
		4D74E5B3262D5CF2008DC66D /* Alamofire.framework in Frameworks */ = {isa = PBXBuildFile; fileRef = 4D74E5B2262D5CF2008DC66D /* Alamofire.framework */; };
		4D74E5B4262D5CF2008DC66D /* Alamofire.framework in Embed Frameworks */ = {isa = PBXBuildFile; fileRef = 4D74E5B2262D5CF2008DC66D /* Alamofire.framework */; settings = {ATTRIBUTES = (CodeSignOnCopy, RemoveHeadersOnCopy, ); }; };
		4D74E5B9262D5CF5008DC66D /* ObjectMapper.framework in Frameworks */ = {isa = PBXBuildFile; fileRef = 4D74E5B8262D5CF5008DC66D /* ObjectMapper.framework */; };
		4D74E5BA262D5CF5008DC66D /* ObjectMapper.framework in Embed Frameworks */ = {isa = PBXBuildFile; fileRef = 4D74E5B8262D5CF5008DC66D /* ObjectMapper.framework */; settings = {ATTRIBUTES = (CodeSignOnCopy, RemoveHeadersOnCopy, ); }; };
/* End PBXBuildFile section */

/* Begin PBXContainerItemProxy section */
		4D74E592262D57DB008DC66D /* PBXContainerItemProxy */ = {
			isa = PBXContainerItemProxy;
			containerPortal = 4D74E573262D57DA008DC66D /* Project object */;
			proxyType = 1;
			remoteGlobalIDString = 4D74E57A262D57DA008DC66D;
			remoteInfo = SegmentedControl;
		};
		4D74E59D262D57DB008DC66D /* PBXContainerItemProxy */ = {
			isa = PBXContainerItemProxy;
			containerPortal = 4D74E573262D57DA008DC66D /* Project object */;
			proxyType = 1;
			remoteGlobalIDString = 4D74E57A262D57DA008DC66D;
			remoteInfo = SegmentedControl;
		};
/* End PBXContainerItemProxy section */

/* Begin PBXCopyFilesBuildPhase section */
		4D74E5B5262D5CF2008DC66D /* Embed Frameworks */ = {
			isa = PBXCopyFilesBuildPhase;
			buildActionMask = 2147483647;
			dstPath = "";
			dstSubfolderSpec = 10;
			files = (
				4D74E5BA262D5CF5008DC66D /* ObjectMapper.framework in Embed Frameworks */,
				4D59CE11262D92DB00EE2F18 /* AlamofireObjectMapper.framework in Embed Frameworks */,
				4D74E5B4262D5CF2008DC66D /* Alamofire.framework in Embed Frameworks */,
			);
			name = "Embed Frameworks";
			runOnlyForDeploymentPostprocessing = 0;
		};
/* End PBXCopyFilesBuildPhase section */

/* Begin PBXFileReference section */
		4D59CE0F262D92DB00EE2F18 /* AlamofireObjectMapper.framework */ = {isa = PBXFileReference; lastKnownFileType = wrapper.framework; name = AlamofireObjectMapper.framework; path = SegmentedControl/Carthage/Build/iOS/AlamofireObjectMapper.framework; sourceTree = "<group>"; };
		4D59CE162630378F00EE2F18 /* CountryData.swift */ = {isa = PBXFileReference; lastKnownFileType = sourcecode.swift; path = CountryData.swift; sourceTree = "<group>"; };
		4D59CE1C2630629400EE2F18 /* Country.swift */ = {isa = PBXFileReference; lastKnownFileType = sourcecode.swift; path = Country.swift; sourceTree = "<group>"; };
		4D74E57B262D57DA008DC66D /* SegmentedControl.app */ = {isa = PBXFileReference; explicitFileType = wrapper.application; includeInIndex = 0; path = SegmentedControl.app; sourceTree = BUILT_PRODUCTS_DIR; };
		4D74E57E262D57DA008DC66D /* AppDelegate.swift */ = {isa = PBXFileReference; lastKnownFileType = sourcecode.swift; path = AppDelegate.swift; sourceTree = "<group>"; };
		4D74E580262D57DA008DC66D /* SceneDelegate.swift */ = {isa = PBXFileReference; lastKnownFileType = sourcecode.swift; path = SceneDelegate.swift; sourceTree = "<group>"; };
		4D74E582262D57DA008DC66D /* ViewController.swift */ = {isa = PBXFileReference; lastKnownFileType = sourcecode.swift; path = ViewController.swift; sourceTree = "<group>"; };
		4D74E585262D57DA008DC66D /* Base */ = {isa = PBXFileReference; lastKnownFileType = file.storyboard; name = Base; path = Base.lproj/Main.storyboard; sourceTree = "<group>"; };
		4D74E587262D57DB008DC66D /* Assets.xcassets */ = {isa = PBXFileReference; lastKnownFileType = folder.assetcatalog; path = Assets.xcassets; sourceTree = "<group>"; };
		4D74E58A262D57DB008DC66D /* Base */ = {isa = PBXFileReference; lastKnownFileType = file.storyboard; name = Base; path = Base.lproj/LaunchScreen.storyboard; sourceTree = "<group>"; };
		4D74E58C262D57DB008DC66D /* Info.plist */ = {isa = PBXFileReference; lastKnownFileType = text.plist.xml; path = Info.plist; sourceTree = "<group>"; };
		4D74E591262D57DB008DC66D /* SegmentedControlTests.xctest */ = {isa = PBXFileReference; explicitFileType = wrapper.cfbundle; includeInIndex = 0; path = SegmentedControlTests.xctest; sourceTree = BUILT_PRODUCTS_DIR; };
		4D74E595262D57DB008DC66D /* SegmentedControlTests.swift */ = {isa = PBXFileReference; lastKnownFileType = sourcecode.swift; path = SegmentedControlTests.swift; sourceTree = "<group>"; };
		4D74E597262D57DB008DC66D /* Info.plist */ = {isa = PBXFileReference; lastKnownFileType = text.plist.xml; path = Info.plist; sourceTree = "<group>"; };
		4D74E59C262D57DB008DC66D /* SegmentedControlUITests.xctest */ = {isa = PBXFileReference; explicitFileType = wrapper.cfbundle; includeInIndex = 0; path = SegmentedControlUITests.xctest; sourceTree = BUILT_PRODUCTS_DIR; };
		4D74E5A0262D57DB008DC66D /* SegmentedControlUITests.swift */ = {isa = PBXFileReference; lastKnownFileType = sourcecode.swift; path = SegmentedControlUITests.swift; sourceTree = "<group>"; };
		4D74E5A2262D57DB008DC66D /* Info.plist */ = {isa = PBXFileReference; lastKnownFileType = text.plist.xml; path = Info.plist; sourceTree = "<group>"; };
		4D74E5B2262D5CF2008DC66D /* Alamofire.framework */ = {isa = PBXFileReference; lastKnownFileType = wrapper.framework; name = Alamofire.framework; path = SegmentedControl/Carthage/Build/iOS/Alamofire.framework; sourceTree = "<group>"; };
		4D74E5B8262D5CF5008DC66D /* ObjectMapper.framework */ = {isa = PBXFileReference; lastKnownFileType = wrapper.framework; name = ObjectMapper.framework; path = SegmentedControl/Carthage/Build/iOS/ObjectMapper.framework; sourceTree = "<group>"; };
/* End PBXFileReference section */

/* Begin PBXFrameworksBuildPhase section */
		4D74E578262D57DA008DC66D /* Frameworks */ = {
			isa = PBXFrameworksBuildPhase;
			buildActionMask = 2147483647;
			files = (
				4D74E5B9262D5CF5008DC66D /* ObjectMapper.framework in Frameworks */,
				4D59CE10262D92DB00EE2F18 /* AlamofireObjectMapper.framework in Frameworks */,
				4D74E5B3262D5CF2008DC66D /* Alamofire.framework in Frameworks */,
			);
			runOnlyForDeploymentPostprocessing = 0;
		};
		4D74E58E262D57DB008DC66D /* Frameworks */ = {
			isa = PBXFrameworksBuildPhase;
			buildActionMask = 2147483647;
			files = (
			);
			runOnlyForDeploymentPostprocessing = 0;
		};
		4D74E599262D57DB008DC66D /* Frameworks */ = {
			isa = PBXFrameworksBuildPhase;
			buildActionMask = 2147483647;
			files = (
			);
			runOnlyForDeploymentPostprocessing = 0;
		};
/* End PBXFrameworksBuildPhase section */

/* Begin PBXGroup section */
		4D74E572262D57DA008DC66D = {
			isa = PBXGroup;
			children = (
				4D74E57D262D57DA008DC66D /* SegmentedControl */,
				4D74E594262D57DB008DC66D /* SegmentedControlTests */,
				4D74E59F262D57DB008DC66D /* SegmentedControlUITests */,
				4D74E57C262D57DA008DC66D /* Products */,
				4D74E5B1262D5CF2008DC66D /* Frameworks */,
			);
			sourceTree = "<group>";
		};
		4D74E57C262D57DA008DC66D /* Products */ = {
			isa = PBXGroup;
			children = (
				4D74E57B262D57DA008DC66D /* SegmentedControl.app */,
				4D74E591262D57DB008DC66D /* SegmentedControlTests.xctest */,
				4D74E59C262D57DB008DC66D /* SegmentedControlUITests.xctest */,
			);
			name = Products;
			sourceTree = "<group>";
		};
		4D74E57D262D57DA008DC66D /* SegmentedControl */ = {
			isa = PBXGroup;
			children = (
				4D74E57E262D57DA008DC66D /* AppDelegate.swift */,
				4D74E580262D57DA008DC66D /* SceneDelegate.swift */,
				4D74E582262D57DA008DC66D /* ViewController.swift */,
				4D59CE1C2630629400EE2F18 /* Country.swift */,
				4D59CE162630378F00EE2F18 /* CountryData.swift */,
				4D74E584262D57DA008DC66D /* Main.storyboard */,
				4D74E587262D57DB008DC66D /* Assets.xcassets */,
				4D74E589262D57DB008DC66D /* LaunchScreen.storyboard */,
				4D74E58C262D57DB008DC66D /* Info.plist */,
			);
			path = SegmentedControl;
			sourceTree = "<group>";
		};
		4D74E594262D57DB008DC66D /* SegmentedControlTests */ = {
			isa = PBXGroup;
			children = (
				4D74E595262D57DB008DC66D /* SegmentedControlTests.swift */,
				4D74E597262D57DB008DC66D /* Info.plist */,
			);
			path = SegmentedControlTests;
			sourceTree = "<group>";
		};
		4D74E59F262D57DB008DC66D /* SegmentedControlUITests */ = {
			isa = PBXGroup;
			children = (
				4D74E5A0262D57DB008DC66D /* SegmentedControlUITests.swift */,
				4D74E5A2262D57DB008DC66D /* Info.plist */,
			);
			path = SegmentedControlUITests;
			sourceTree = "<group>";
		};
		4D74E5B1262D5CF2008DC66D /* Frameworks */ = {
			isa = PBXGroup;
			children = (
				4D59CE0F262D92DB00EE2F18 /* AlamofireObjectMapper.framework */,
				4D74E5B8262D5CF5008DC66D /* ObjectMapper.framework */,
				4D74E5B2262D5CF2008DC66D /* Alamofire.framework */,
			);
			name = Frameworks;
			sourceTree = "<group>";
		};
/* End PBXGroup section */

/* Begin PBXNativeTarget section */
		4D74E57A262D57DA008DC66D /* SegmentedControl */ = {
			isa = PBXNativeTarget;
			buildConfigurationList = 4D74E5A5262D57DB008DC66D /* Build configuration list for PBXNativeTarget "SegmentedControl" */;
			buildPhases = (
				4D74E577262D57DA008DC66D /* Sources */,
				4D74E578262D57DA008DC66D /* Frameworks */,
				4D74E579262D57DA008DC66D /* Resources */,
				4D74E5B5262D5CF2008DC66D /* Embed Frameworks */,
			);
			buildRules = (
			);
			dependencies = (
			);
			name = SegmentedControl;
			productName = SegmentedControl;
			productReference = 4D74E57B262D57DA008DC66D /* SegmentedControl.app */;
			productType = "com.apple.product-type.application";
		};
		4D74E590262D57DB008DC66D /* SegmentedControlTests */ = {
			isa = PBXNativeTarget;
			buildConfigurationList = 4D74E5A8262D57DB008DC66D /* Build configuration list for PBXNativeTarget "SegmentedControlTests" */;
			buildPhases = (
				4D74E58D262D57DB008DC66D /* Sources */,
				4D74E58E262D57DB008DC66D /* Frameworks */,
				4D74E58F262D57DB008DC66D /* Resources */,
			);
			buildRules = (
			);
			dependencies = (
				4D74E593262D57DB008DC66D /* PBXTargetDependency */,
			);
			name = SegmentedControlTests;
			productName = SegmentedControlTests;
			productReference = 4D74E591262D57DB008DC66D /* SegmentedControlTests.xctest */;
			productType = "com.apple.product-type.bundle.unit-test";
		};
		4D74E59B262D57DB008DC66D /* SegmentedControlUITests */ = {
			isa = PBXNativeTarget;
			buildConfigurationList = 4D74E5AB262D57DB008DC66D /* Build configuration list for PBXNativeTarget "SegmentedControlUITests" */;
			buildPhases = (
				4D74E598262D57DB008DC66D /* Sources */,
				4D74E599262D57DB008DC66D /* Frameworks */,
				4D74E59A262D57DB008DC66D /* Resources */,
			);
			buildRules = (
			);
			dependencies = (
				4D74E59E262D57DB008DC66D /* PBXTargetDependency */,
			);
			name = SegmentedControlUITests;
			productName = SegmentedControlUITests;
			productReference = 4D74E59C262D57DB008DC66D /* SegmentedControlUITests.xctest */;
			productType = "com.apple.product-type.bundle.ui-testing";
		};
/* End PBXNativeTarget section */

/* Begin PBXProject section */
		4D74E573262D57DA008DC66D /* Project object */ = {
			isa = PBXProject;
			attributes = {
				LastSwiftUpdateCheck = 1240;
				LastUpgradeCheck = 1240;
				TargetAttributes = {
					4D74E57A262D57DA008DC66D = {
						CreatedOnToolsVersion = 12.4;
					};
					4D74E590262D57DB008DC66D = {
						CreatedOnToolsVersion = 12.4;
						TestTargetID = 4D74E57A262D57DA008DC66D;
					};
					4D74E59B262D57DB008DC66D = {
						CreatedOnToolsVersion = 12.4;
						TestTargetID = 4D74E57A262D57DA008DC66D;
					};
				};
			};
			buildConfigurationList = 4D74E576262D57DA008DC66D /* Build configuration list for PBXProject "SegmentedControl" */;
			compatibilityVersion = "Xcode 9.3";
			developmentRegion = en;
			hasScannedForEncodings = 0;
			knownRegions = (
				en,
				Base,
			);
			mainGroup = 4D74E572262D57DA008DC66D;
			productRefGroup = 4D74E57C262D57DA008DC66D /* Products */;
			projectDirPath = "";
			projectRoot = "";
			targets = (
				4D74E57A262D57DA008DC66D /* SegmentedControl */,
				4D74E590262D57DB008DC66D /* SegmentedControlTests */,
				4D74E59B262D57DB008DC66D /* SegmentedControlUITests */,
			);
		};
/* End PBXProject section */

/* Begin PBXResourcesBuildPhase section */
		4D74E579262D57DA008DC66D /* Resources */ = {
			isa = PBXResourcesBuildPhase;
			buildActionMask = 2147483647;
			files = (
				4D74E58B262D57DB008DC66D /* LaunchScreen.storyboard in Resources */,
				4D74E588262D57DB008DC66D /* Assets.xcassets in Resources */,
				4D74E586262D57DA008DC66D /* Main.storyboard in Resources */,
			);
			runOnlyForDeploymentPostprocessing = 0;
		};
		4D74E58F262D57DB008DC66D /* Resources */ = {
			isa = PBXResourcesBuildPhase;
			buildActionMask = 2147483647;
			files = (
			);
			runOnlyForDeploymentPostprocessing = 0;
		};
		4D74E59A262D57DB008DC66D /* Resources */ = {
			isa = PBXResourcesBuildPhase;
			buildActionMask = 2147483647;
			files = (
			);
			runOnlyForDeploymentPostprocessing = 0;
		};
/* End PBXResourcesBuildPhase section */

/* Begin PBXSourcesBuildPhase section */
		4D74E577262D57DA008DC66D /* Sources */ = {
			isa = PBXSourcesBuildPhase;
			buildActionMask = 2147483647;
			files = (
				4D74E583262D57DA008DC66D /* ViewController.swift in Sources */,
				4D74E57F262D57DA008DC66D /* AppDelegate.swift in Sources */,
				4D59CE172630378F00EE2F18 /* CountryData.swift in Sources */,
				4D59CE1D2630629400EE2F18 /* Country.swift in Sources */,
				4D74E581262D57DA008DC66D /* SceneDelegate.swift in Sources */,
			);
			runOnlyForDeploymentPostprocessing = 0;
		};
		4D74E58D262D57DB008DC66D /* Sources */ = {
			isa = PBXSourcesBuildPhase;
			buildActionMask = 2147483647;
			files = (
				4D74E596262D57DB008DC66D /* SegmentedControlTests.swift in Sources */,
			);
			runOnlyForDeploymentPostprocessing = 0;
		};
		4D74E598262D57DB008DC66D /* Sources */ = {
			isa = PBXSourcesBuildPhase;
			buildActionMask = 2147483647;
			files = (
				4D74E5A1262D57DB008DC66D /* SegmentedControlUITests.swift in Sources */,
			);
			runOnlyForDeploymentPostprocessing = 0;
		};
/* End PBXSourcesBuildPhase section */

/* Begin PBXTargetDependency section */
		4D74E593262D57DB008DC66D /* PBXTargetDependency */ = {
			isa = PBXTargetDependency;
			target = 4D74E57A262D57DA008DC66D /* SegmentedControl */;
			targetProxy = 4D74E592262D57DB008DC66D /* PBXContainerItemProxy */;
		};
		4D74E59E262D57DB008DC66D /* PBXTargetDependency */ = {
			isa = PBXTargetDependency;
			target = 4D74E57A262D57DA008DC66D /* SegmentedControl */;
			targetProxy = 4D74E59D262D57DB008DC66D /* PBXContainerItemProxy */;
		};
/* End PBXTargetDependency section */

/* Begin PBXVariantGroup section */
		4D74E584262D57DA008DC66D /* Main.storyboard */ = {
			isa = PBXVariantGroup;
			children = (
				4D74E585262D57DA008DC66D /* Base */,
			);
			name = Main.storyboard;
			sourceTree = "<group>";
		};
		4D74E589262D57DB008DC66D /* LaunchScreen.storyboard */ = {
			isa = PBXVariantGroup;
			children = (
				4D74E58A262D57DB008DC66D /* Base */,
			);
			name = LaunchScreen.storyboard;
			sourceTree = "<group>";
		};
/* End PBXVariantGroup section */

/* Begin XCBuildConfiguration section */
		4D74E5A3262D57DB008DC66D /* Debug */ = {
			isa = XCBuildConfiguration;
			buildSettings = {
				ALWAYS_SEARCH_USER_PATHS = NO;
				CLANG_ANALYZER_NONNULL = YES;
				CLANG_ANALYZER_NUMBER_OBJECT_CONVERSION = YES_AGGRESSIVE;
				CLANG_CXX_LANGUAGE_STANDARD = "gnu++14";
				CLANG_CXX_LIBRARY = "libc++";
				CLANG_ENABLE_MODULES = YES;
				CLANG_ENABLE_OBJC_ARC = YES;
				CLANG_ENABLE_OBJC_WEAK = YES;
				CLANG_WARN_BLOCK_CAPTURE_AUTORELEASING = YES;
				CLANG_WARN_BOOL_CONVERSION = YES;
				CLANG_WARN_COMMA = YES;
				CLANG_WARN_CONSTANT_CONVERSION = YES;
				CLANG_WARN_DEPRECATED_OBJC_IMPLEMENTATIONS = YES;
				CLANG_WARN_DIRECT_OBJC_ISA_USAGE = YES_ERROR;
				CLANG_WARN_DOCUMENTATION_COMMENTS = YES;
				CLANG_WARN_EMPTY_BODY = YES;
				CLANG_WARN_ENUM_CONVERSION = YES;
				CLANG_WARN_INFINITE_RECURSION = YES;
				CLANG_WARN_INT_CONVERSION = YES;
				CLANG_WARN_NON_LITERAL_NULL_CONVERSION = YES;
				CLANG_WARN_OBJC_IMPLICIT_RETAIN_SELF = YES;
				CLANG_WARN_OBJC_LITERAL_CONVERSION = YES;
				CLANG_WARN_OBJC_ROOT_CLASS = YES_ERROR;
				CLANG_WARN_QUOTED_INCLUDE_IN_FRAMEWORK_HEADER = YES;
				CLANG_WARN_RANGE_LOOP_ANALYSIS = YES;
				CLANG_WARN_STRICT_PROTOTYPES = YES;
				CLANG_WARN_SUSPICIOUS_MOVE = YES;
				CLANG_WARN_UNGUARDED_AVAILABILITY = YES_AGGRESSIVE;
				CLANG_WARN_UNREACHABLE_CODE = YES;
				CLANG_WARN__DUPLICATE_METHOD_MATCH = YES;
				COPY_PHASE_STRIP = NO;
				DEBUG_INFORMATION_FORMAT = dwarf;
				ENABLE_STRICT_OBJC_MSGSEND = YES;
				ENABLE_TESTABILITY = YES;
				GCC_C_LANGUAGE_STANDARD = gnu11;
				GCC_DYNAMIC_NO_PIC = NO;
				GCC_NO_COMMON_BLOCKS = YES;
				GCC_OPTIMIZATION_LEVEL = 0;
				GCC_PREPROCESSOR_DEFINITIONS = (
					"DEBUG=1",
					"$(inherited)",
				);
				GCC_WARN_64_TO_32_BIT_CONVERSION = YES;
				GCC_WARN_ABOUT_RETURN_TYPE = YES_ERROR;
				GCC_WARN_UNDECLARED_SELECTOR = YES;
				GCC_WARN_UNINITIALIZED_AUTOS = YES_AGGRESSIVE;
				GCC_WARN_UNUSED_FUNCTION = YES;
				GCC_WARN_UNUSED_VARIABLE = YES;
				IPHONEOS_DEPLOYMENT_TARGET = 14.4;
				MTL_ENABLE_DEBUG_INFO = INCLUDE_SOURCE;
				MTL_FAST_MATH = YES;
				ONLY_ACTIVE_ARCH = YES;
				SDKROOT = iphoneos;
				SWIFT_ACTIVE_COMPILATION_CONDITIONS = DEBUG;
				SWIFT_OPTIMIZATION_LEVEL = "-Onone";
			};
			name = Debug;
		};
		4D74E5A4262D57DB008DC66D /* Release */ = {
			isa = XCBuildConfiguration;
			buildSettings = {
				ALWAYS_SEARCH_USER_PATHS = NO;
				CLANG_ANALYZER_NONNULL = YES;
				CLANG_ANALYZER_NUMBER_OBJECT_CONVERSION = YES_AGGRESSIVE;
				CLANG_CXX_LANGUAGE_STANDARD = "gnu++14";
				CLANG_CXX_LIBRARY = "libc++";
				CLANG_ENABLE_MODULES = YES;
				CLANG_ENABLE_OBJC_ARC = YES;
				CLANG_ENABLE_OBJC_WEAK = YES;
				CLANG_WARN_BLOCK_CAPTURE_AUTORELEASING = YES;
				CLANG_WARN_BOOL_CONVERSION = YES;
				CLANG_WARN_COMMA = YES;
				CLANG_WARN_CONSTANT_CONVERSION = YES;
				CLANG_WARN_DEPRECATED_OBJC_IMPLEMENTATIONS = YES;
				CLANG_WARN_DIRECT_OBJC_ISA_USAGE = YES_ERROR;
				CLANG_WARN_DOCUMENTATION_COMMENTS = YES;
				CLANG_WARN_EMPTY_BODY = YES;
				CLANG_WARN_ENUM_CONVERSION = YES;
				CLANG_WARN_INFINITE_RECURSION = YES;
				CLANG_WARN_INT_CONVERSION = YES;
				CLANG_WARN_NON_LITERAL_NULL_CONVERSION = YES;
				CLANG_WARN_OBJC_IMPLICIT_RETAIN_SELF = YES;
				CLANG_WARN_OBJC_LITERAL_CONVERSION = YES;
				CLANG_WARN_OBJC_ROOT_CLASS = YES_ERROR;
				CLANG_WARN_QUOTED_INCLUDE_IN_FRAMEWORK_HEADER = YES;
				CLANG_WARN_RANGE_LOOP_ANALYSIS = YES;
				CLANG_WARN_STRICT_PROTOTYPES = YES;
				CLANG_WARN_SUSPICIOUS_MOVE = YES;
				CLANG_WARN_UNGUARDED_AVAILABILITY = YES_AGGRESSIVE;
				CLANG_WARN_UNREACHABLE_CODE = YES;
				CLANG_WARN__DUPLICATE_METHOD_MATCH = YES;
				COPY_PHASE_STRIP = NO;
				DEBUG_INFORMATION_FORMAT = "dwarf-with-dsym";
				ENABLE_NS_ASSERTIONS = NO;
				ENABLE_STRICT_OBJC_MSGSEND = YES;
				GCC_C_LANGUAGE_STANDARD = gnu11;
				GCC_NO_COMMON_BLOCKS = YES;
				GCC_WARN_64_TO_32_BIT_CONVERSION = YES;
				GCC_WARN_ABOUT_RETURN_TYPE = YES_ERROR;
				GCC_WARN_UNDECLARED_SELECTOR = YES;
				GCC_WARN_UNINITIALIZED_AUTOS = YES_AGGRESSIVE;
				GCC_WARN_UNUSED_FUNCTION = YES;
				GCC_WARN_UNUSED_VARIABLE = YES;
				IPHONEOS_DEPLOYMENT_TARGET = 14.4;
				MTL_ENABLE_DEBUG_INFO = NO;
				MTL_FAST_MATH = YES;
				SDKROOT = iphoneos;
				SWIFT_COMPILATION_MODE = wholemodule;
				SWIFT_OPTIMIZATION_LEVEL = "-O";
				VALIDATE_PRODUCT = YES;
			};
			name = Release;
		};
		4D74E5A6262D57DB008DC66D /* Debug */ = {
			isa = XCBuildConfiguration;
			buildSettings = {
				ASSETCATALOG_COMPILER_APPICON_NAME = AppIcon;
				ASSETCATALOG_COMPILER_GLOBAL_ACCENT_COLOR_NAME = AccentColor;
				CODE_SIGN_STYLE = Automatic;
				DEVELOPMENT_TEAM = UN3FPQY5P8;
				FRAMEWORK_SEARCH_PATHS = (
					"$(inherited)",
					"$(PROJECT_DIR)/SegmentedControl/Carthage/Build/iOS",
				);
				INFOPLIST_FILE = SegmentedControl/Info.plist;
				LD_RUNPATH_SEARCH_PATHS = (
					"$(inherited)",
					"@executable_path/Frameworks",
				);
				PRODUCT_BUNDLE_IDENTIFIER = com.zehus.SegmentedControl;
				PRODUCT_NAME = "$(TARGET_NAME)";
				SWIFT_VERSION = 5.0;
				TARGETED_DEVICE_FAMILY = "1,2";
				VALIDATE_WORKSPACE = YES;
			};
			name = Debug;
		};
		4D74E5A7262D57DB008DC66D /* Release */ = {
			isa = XCBuildConfiguration;
			buildSettings = {
				ASSETCATALOG_COMPILER_APPICON_NAME = AppIcon;
				ASSETCATALOG_COMPILER_GLOBAL_ACCENT_COLOR_NAME = AccentColor;
				CODE_SIGN_STYLE = Automatic;
				DEVELOPMENT_TEAM = UN3FPQY5P8;
				FRAMEWORK_SEARCH_PATHS = (
					"$(inherited)",
					"$(PROJECT_DIR)/SegmentedControl/Carthage/Build/iOS",
				);
				INFOPLIST_FILE = SegmentedControl/Info.plist;
				LD_RUNPATH_SEARCH_PATHS = (
					"$(inherited)",
					"@executable_path/Frameworks",
				);
				PRODUCT_BUNDLE_IDENTIFIER = com.zehus.SegmentedControl;
				PRODUCT_NAME = "$(TARGET_NAME)";
				SWIFT_VERSION = 5.0;
				TARGETED_DEVICE_FAMILY = "1,2";
				VALIDATE_WORKSPACE = YES;
			};
			name = Release;
		};
		4D74E5A9262D57DB008DC66D /* Debug */ = {
			isa = XCBuildConfiguration;
			buildSettings = {
				ALWAYS_EMBED_SWIFT_STANDARD_LIBRARIES = YES;
				BUNDLE_LOADER = "$(TEST_HOST)";
				CODE_SIGN_STYLE = Automatic;
				DEVELOPMENT_TEAM = UN3FPQY5P8;
				INFOPLIST_FILE = SegmentedControlTests/Info.plist;
				IPHONEOS_DEPLOYMENT_TARGET = 14.4;
				LD_RUNPATH_SEARCH_PATHS = (
					"$(inherited)",
					"@executable_path/Frameworks",
					"@loader_path/Frameworks",
				);
				PRODUCT_BUNDLE_IDENTIFIER = com.zehus.SegmentedControlTests;
				PRODUCT_NAME = "$(TARGET_NAME)";
				SWIFT_VERSION = 5.0;
				TARGETED_DEVICE_FAMILY = "1,2";
				TEST_HOST = "$(BUILT_PRODUCTS_DIR)/SegmentedControl.app/SegmentedControl";
			};
			name = Debug;
		};
		4D74E5AA262D57DB008DC66D /* Release */ = {
			isa = XCBuildConfiguration;
			buildSettings = {
				ALWAYS_EMBED_SWIFT_STANDARD_LIBRARIES = YES;
				BUNDLE_LOADER = "$(TEST_HOST)";
				CODE_SIGN_STYLE = Automatic;
				DEVELOPMENT_TEAM = UN3FPQY5P8;
				INFOPLIST_FILE = SegmentedControlTests/Info.plist;
				IPHONEOS_DEPLOYMENT_TARGET = 14.4;
				LD_RUNPATH_SEARCH_PATHS = (
					"$(inherited)",
					"@executable_path/Frameworks",
					"@loader_path/Frameworks",
				);
				PRODUCT_BUNDLE_IDENTIFIER = com.zehus.SegmentedControlTests;
				PRODUCT_NAME = "$(TARGET_NAME)";
				SWIFT_VERSION = 5.0;
				TARGETED_DEVICE_FAMILY = "1,2";
				TEST_HOST = "$(BUILT_PRODUCTS_DIR)/SegmentedControl.app/SegmentedControl";
			};
			name = Release;
		};
		4D74E5AC262D57DB008DC66D /* Debug */ = {
			isa = XCBuildConfiguration;
			buildSettings = {
				ALWAYS_EMBED_SWIFT_STANDARD_LIBRARIES = YES;
				CODE_SIGN_STYLE = Automatic;
				DEVELOPMENT_TEAM = UN3FPQY5P8;
				INFOPLIST_FILE = SegmentedControlUITests/Info.plist;
				LD_RUNPATH_SEARCH_PATHS = (
					"$(inherited)",
					"@executable_path/Frameworks",
					"@loader_path/Frameworks",
				);
				PRODUCT_BUNDLE_IDENTIFIER = com.zehus.SegmentedControlUITests;
				PRODUCT_NAME = "$(TARGET_NAME)";
				SWIFT_VERSION = 5.0;
				TARGETED_DEVICE_FAMILY = "1,2";
				TEST_TARGET_NAME = SegmentedControl;
			};
			name = Debug;
		};
		4D74E5AD262D57DB008DC66D /* Release */ = {
			isa = XCBuildConfiguration;
			buildSettings = {
				ALWAYS_EMBED_SWIFT_STANDARD_LIBRARIES = YES;
				CODE_SIGN_STYLE = Automatic;
				DEVELOPMENT_TEAM = UN3FPQY5P8;
				INFOPLIST_FILE = SegmentedControlUITests/Info.plist;
				LD_RUNPATH_SEARCH_PATHS = (
					"$(inherited)",
					"@executable_path/Frameworks",
					"@loader_path/Frameworks",
				);
				PRODUCT_BUNDLE_IDENTIFIER = com.zehus.SegmentedControlUITests;
				PRODUCT_NAME = "$(TARGET_NAME)";
				SWIFT_VERSION = 5.0;
				TARGETED_DEVICE_FAMILY = "1,2";
				TEST_TARGET_NAME = SegmentedControl;
			};
			name = Release;
		};
/* End XCBuildConfiguration section */

/* Begin XCConfigurationList section */
		4D74E576262D57DA008DC66D /* Build configuration list for PBXProject "SegmentedControl" */ = {
			isa = XCConfigurationList;
			buildConfigurations = (
				4D74E5A3262D57DB008DC66D /* Debug */,
				4D74E5A4262D57DB008DC66D /* Release */,
			);
			defaultConfigurationIsVisible = 0;
			defaultConfigurationName = Release;
		};
		4D74E5A5262D57DB008DC66D /* Build configuration list for PBXNativeTarget "SegmentedControl" */ = {
			isa = XCConfigurationList;
			buildConfigurations = (
				4D74E5A6262D57DB008DC66D /* Debug */,
				4D74E5A7262D57DB008DC66D /* Release */,
			);
			defaultConfigurationIsVisible = 0;
			defaultConfigurationName = Release;
		};
		4D74E5A8262D57DB008DC66D /* Build configuration list for PBXNativeTarget "SegmentedControlTests" */ = {
			isa = XCConfigurationList;
			buildConfigurations = (
				4D74E5A9262D57DB008DC66D /* Debug */,
				4D74E5AA262D57DB008DC66D /* Release */,
			);
			defaultConfigurationIsVisible = 0;
			defaultConfigurationName = Release;
		};
		4D74E5AB262D57DB008DC66D /* Build configuration list for PBXNativeTarget "SegmentedControlUITests" */ = {
			isa = XCConfigurationList;
			buildConfigurations = (
				4D74E5AC262D57DB008DC66D /* Debug */,
				4D74E5AD262D57DB008DC66D /* Release */,
			);
			defaultConfigurationIsVisible = 0;
			defaultConfigurationName = Release;
		};
/* End XCConfigurationList section */
	};
	rootObject = 4D74E573262D57DA008DC66D /* Project object */;
}
